schema: '2.0'
stages:
  data_ingestion:
    cmd: python src/data_ingestion.py
    deps:
    - path: data/bank_credit_scoring.csv
      hash: md5
      md5: 0fb058171d42221f5c5f4984c3470eae
      size: 2906299
    - path: src/data_ingestion.py
      hash: md5
      md5: ac98e4d1fc482ce47a561454a88c971b
      size: 2230
    outs:
    - path: data/raw_data
      hash: md5
      md5: dbe07d0510fac8b4a1aed950a287cbb5.dir
      size: 2775320
      nfiles: 1
  data_preprocessing:
    cmd: python src/data_preprocessing.py
    deps:
    - path: data/raw_data
      hash: md5
      md5: dbe07d0510fac8b4a1aed950a287cbb5.dir
      size: 2775320
      nfiles: 1
    - path: src/data_preprocessing.py
      hash: md5
      md5: 827ce9047ec9506ac4fb538cb8068782
      size: 4141
    outs:
    - path: data/processed_data
      hash: md5
      md5: 6a1710b122d01a44f3c696a7cfe47135.dir
      size: 2014198
      nfiles: 1
  feature_engineering:
    cmd: python src/feature_engineering.py
    deps:
    - path: data/processed_data
      hash: md5
      md5: 6a1710b122d01a44f3c696a7cfe47135.dir
      size: 2014198
      nfiles: 1
    - path: src/feature_engineering.py
      hash: md5
      md5: ed93923ceac3c1e8f25ae35722006a6f
      size: 5061
    params:
      params.yaml:
        feature_engineering.test_size: 0.2
    outs:
    - path: data/feature_engineered_data
      hash: md5
      md5: 47b4834ab1fecc2ca739419c318829db.dir
      size: 12688015
      nfiles: 2
  model_building:
    cmd: python src/model_building.py
    deps:
    - path: data/feature_engineered_data
      hash: md5
      md5: 47b4834ab1fecc2ca739419c318829db.dir
      size: 12688015
      nfiles: 2
    - path: src/model_building.py
      hash: md5
      md5: ed6d827cdc6f0b5cc8c9e108419fbed2
      size: 3098
    params:
      params.yaml:
        model_building.copy_X: true
        model_building.fit_intercept: true
        model_building.n_jobs: -1
        model_building.positive: false
    outs:
    - path: models
      hash: md5
      md5: 2ed222feed5a11875e9b3abeb03622f0.dir
      size: 1865
      nfiles: 1
  model_evaluation:
    cmd: python src/model_evaluation.py
    deps:
    - path: data/feature_engineered_data
      hash: md5
      md5: 47b4834ab1fecc2ca739419c318829db.dir
      size: 12688015
      nfiles: 2
    - path: models
      hash: md5
      md5: 2ed222feed5a11875e9b3abeb03622f0.dir
      size: 1865
      nfiles: 1
    - path: src/model_evaluation.py
      hash: md5
      md5: 8ac1e4b4065291f2ef596bfdcd54a154
      size: 3421
    outs:
    - path: reports/metrics.json
      hash: md5
      md5: 53a5c52efcc15da3cf0aa5f77d5a9eea
      size: 170
